
Microsoft Visual Studio Solution File, Format Version 12.00
# Visual Studio Version 16
VisualStudioVersion = 16.0.29806.167
MinimumVisualStudioVersion = 10.0.40219.1
Project("{8BC9CEB8-8B4A-11D0-8D11-00A0C91BC942}") = "HashCodePracticeQn", "HashCodePracticeQn\HashCodePracticeQn.vcxproj", "{C3A645A3-CBC9-4132-A283-0FFB6BC162BA}"
EndProject
Project("{8BC9CEB8-8B4A-11D0-8D11-00A0C91BC942}") = "HashCode2020Qualifiers", "HashCode2020Qualifiers\HashCode2020Qualifiers.vcxproj", "{32811858-58D2-4B56-B564-95FECB8102B2}"
EndProject
Global
	GlobalSection(SolutionConfigurationPlatforms) = preSolution
		Debug|x64 = Debug|x64
		Debug|x86 = Debug|x86
		Release|x64 = Release|x64
		Release|x86 = Release|x86
	EndGlobalSection
	GlobalSection(ProjectConfigurationPlatforms) = postSolution
		{C3A645A3-CBC9-4132-A283-0FFB6BC162BA}.Debug|x64.ActiveCfg = Debug|x64
		{C3A645A3-CBC9-4132-A283-0FFB6BC162BA}.Debug|x64.Build.0 = Debug|x64
		{C3A645A3-CBC9-4132-A283-0FFB6BC162BA}.Debug|x86.ActiveCfg = Debug|Win32
		{C3A645A3-CBC9-4132-A283-0FFB6BC162BA}.Debug|x86.Build.0 = Debug|Win32
		{C3A645A3-CBC9-4132-A283-0FFB6BC162BA}.Release|x64.ActiveCfg = Release|x64
		{C3A645A3-CBC9-4132-A283-0FFB6BC162BA}.Release|x64.Build.0 = Release|x64
		{C3A645A3-CBC9-4132-A283-0FFB6BC162BA}.Release|x86.ActiveCfg = Release|Win32
		{C3A645A3-CBC9-4132-A283-0FFB6BC162BA}.Release|x86.Build.0 = Release|Win32
		{32811858-58D2-4B56-B564-95FECB8102B2}.Debug|x64.ActiveCfg = Debug|x64
		{32811858-58D2-4B56-B564-95FECB8102B2}.Debug|x64.Build.0 = Debug|x64
		{32811858-58D2-4B56-B564-95FECB8102B2}.Debug|x86.ActiveCfg = Debug|Win32
		{32811858-58D2-4B56-B564-95FECB8102B2}.Debug|x86.Build.0 = Debug|Win32
		{32811858-58D2-4B56-B564-95FECB8102B2}.Release|x64.ActiveCfg = Release|x64
		{32811858-58D2-4B56-B564-95FECB8102B2}.Release|x64.Build.0 = Release|x64
		{32811858-58D2-4B56-B564-95FECB8102B2}.Release|x86.ActiveCfg = Release|Win32
		{32811858-58D2-4B56-B564-95FECB8102B2}.Release|x86.Build.0 = Release|Win32
	EndGlobalSection
	GlobalSection(SolutionProperties) = preSolution
		HideSolutionNode = FALSE
	EndGlobalSection
	GlobalSection(ExtensibilityGlobals) = postSolution
		SolutionGuid = {C99E24AA-32E6-4AF8-AC9C-81E32973DEDC}
	EndGlobalSection
EndGlobal
